
Microsoft Visual Studio Solution File, Format Version 12.00
# Visual Studio Version 17
VisualStudioVersion = 17.12.35707.178 d17.12
MinimumVisualStudioVersion = 10.0.40219.1
Project("{FAE04EC0-301F-11D3-BF4B-00C04F79EFBC}") = "RebarTag", "RebarTag\RebarTag.csproj", "{92FB238B-F6B8-4EC9-9279-F1BB0D7E06C8}"
EndProject
Global
	GlobalSection(SolutionConfigurationPlatforms) = preSolution
		Debug|Any CPU = Debug|Any CPU
		Release|Any CPU = Release|Any CPU
	EndGlobalSection
	GlobalSection(ProjectConfigurationPlatforms) = postSolution
		{92FB238B-F6B8-4EC9-9279-F1BB0D7E06C8}.Debug|Any CPU.ActiveCfg = Debug|Any CPU
		{92FB238B-F6B8-4EC9-9279-F1BB0D7E06C8}.Debug|Any CPU.Build.0 = Debug|Any CPU
		{92FB238B-F6B8-4EC9-9279-F1BB0D7E06C8}.Release|Any CPU.ActiveCfg = Release|Any CPU
		{92FB238B-F6B8-4EC9-9279-F1BB0D7E06C8}.Release|Any CPU.Build.0 = Release|Any CPU
	EndGlobalSection
	GlobalSection(SolutionProperties) = preSolution
		HideSolutionNode = FALSE
	EndGlobalSection
EndGlobal
